// !$*UTF8*$!
{
	archiveVersion = 1;
	classes = {
	};
	objectVersion = 48;
	objects = {

/* Begin PBXBuildFile section */
		06A7D48231129211D6ADB8BE /* Pods_TaskManager.framework in Frameworks */ = {isa = PBXBuildFile; fileRef = 18AC8C73DAB19BED6040097E /* Pods_TaskManager.framework */; };
		2C033AC21FE33F4B003DF4ED /* MenuViewController.swift in Sources */ = {isa = PBXBuildFile; fileRef = 2C033AC11FE33F4B003DF4ED /* MenuViewController.swift */; };
		2C033AC41FE34016003DF4ED /* MenuViewModel.swift in Sources */ = {isa = PBXBuildFile; fileRef = 2C033AC31FE34016003DF4ED /* MenuViewModel.swift */; };
		2C033AC81FE34563003DF4ED /* MenuItem.swift in Sources */ = {isa = PBXBuildFile; fileRef = 2C033AC71FE34563003DF4ED /* MenuItem.swift */; };
		2C033ACC1FE34FB9003DF4ED /* SWRevealViewController+Extensions.swift in Sources */ = {isa = PBXBuildFile; fileRef = 2C033ACB1FE34FB9003DF4ED /* SWRevealViewController+Extensions.swift */; };
		2C033AD61FE36734003DF4ED /* TestViewController.swift in Sources */ = {isa = PBXBuildFile; fileRef = 2C033AD51FE36734003DF4ED /* TestViewController.swift */; };
		2C29F4971FE2B6C100EAB23F /* Coordinator.swift in Sources */ = {isa = PBXBuildFile; fileRef = 2C29F4961FE2B6C100EAB23F /* Coordinator.swift */; };
		2C29F49A1FE2B7D600EAB23F /* NavigationController.swift in Sources */ = {isa = PBXBuildFile; fileRef = 2C29F4991FE2B7D600EAB23F /* NavigationController.swift */; };
		2C2F8C4F1FE5E62F00F776D6 /* DataManager.swift in Sources */ = {isa = PBXBuildFile; fileRef = 2C2F8C4E1FE5E62F00F776D6 /* DataManager.swift */; };
		2C2F8C521FE5E7CB00F776D6 /* DBManager.swift in Sources */ = {isa = PBXBuildFile; fileRef = 2C2F8C511FE5E7CB00F776D6 /* DBManager.swift */; };
		2C3155A01FE37F130021EE64 /* ColorViewController.swift in Sources */ = {isa = PBXBuildFile; fileRef = 2C31559F1FE37F130021EE64 /* ColorViewController.swift */; };
		2C3155A31FE3882A0021EE64 /* ProjectsViewController.swift in Sources */ = {isa = PBXBuildFile; fileRef = 2C3155A21FE3882A0021EE64 /* ProjectsViewController.swift */; };
		2C3155A51FE3887A0021EE64 /* BaseTableViewController.swift in Sources */ = {isa = PBXBuildFile; fileRef = 2C3155A41FE3887A0021EE64 /* BaseTableViewController.swift */; };
		2C3155AC1FE38CCD0021EE64 /* Project.swift in Sources */ = {isa = PBXBuildFile; fileRef = 2C3155A91FE38CCD0021EE64 /* Project.swift */; };
		2C3155AD1FE38CCD0021EE64 /* Category.swift in Sources */ = {isa = PBXBuildFile; fileRef = 2C3155AA1FE38CCD0021EE64 /* Category.swift */; };
		2C3155AE1FE38CCD0021EE64 /* Company.swift in Sources */ = {isa = PBXBuildFile; fileRef = 2C3155AB1FE38CCD0021EE64 /* Company.swift */; };
		2C3155B31FE3BF300021EE64 /* ViewModel.swift in Sources */ = {isa = PBXBuildFile; fileRef = 2C3155B21FE3BF300021EE64 /* ViewModel.swift */; };
		2C3155B51FE3C37C0021EE64 /* ProjectsViewModel.swift in Sources */ = {isa = PBXBuildFile; fileRef = 2C3155B41FE3C37C0021EE64 /* ProjectsViewModel.swift */; };
		2C3155B81FE3CFE30021EE64 /* MenuTableViewCell.swift in Sources */ = {isa = PBXBuildFile; fileRef = 2C3155B71FE3CFE30021EE64 /* MenuTableViewCell.swift */; };
		2C3155C51FE3D1540021EE64 /* OpenSans-SemiBold.ttf in Resources */ = {isa = PBXBuildFile; fileRef = 2C3155BA1FE3D1540021EE64 /* OpenSans-SemiBold.ttf */; };
		2C3155C61FE3D1540021EE64 /* OpenSans-Light.ttf in Resources */ = {isa = PBXBuildFile; fileRef = 2C3155BB1FE3D1540021EE64 /* OpenSans-Light.ttf */; };
		2C3155C71FE3D1540021EE64 /* OpenSans-Italic.ttf in Resources */ = {isa = PBXBuildFile; fileRef = 2C3155BC1FE3D1540021EE64 /* OpenSans-Italic.ttf */; };
		2C3155C81FE3D1540021EE64 /* OpenSans-ExtraBold.ttf in Resources */ = {isa = PBXBuildFile; fileRef = 2C3155BD1FE3D1540021EE64 /* OpenSans-ExtraBold.ttf */; };
		2C3155C91FE3D1540021EE64 /* .gitignore in Resources */ = {isa = PBXBuildFile; fileRef = 2C3155BE1FE3D1540021EE64 /* .gitignore */; };
		2C3155CA1FE3D1540021EE64 /* OpenSans-LightItalic.ttf in Resources */ = {isa = PBXBuildFile; fileRef = 2C3155BF1FE3D1540021EE64 /* OpenSans-LightItalic.ttf */; };
		2C3155CB1FE3D1540021EE64 /* OpenSans-Bold.ttf in Resources */ = {isa = PBXBuildFile; fileRef = 2C3155C01FE3D1540021EE64 /* OpenSans-Bold.ttf */; };
		2C3155CC1FE3D1540021EE64 /* OpenSans-SemiBoldItalic.ttf in Resources */ = {isa = PBXBuildFile; fileRef = 2C3155C11FE3D1540021EE64 /* OpenSans-SemiBoldItalic.ttf */; };
		2C3155CD1FE3D1540021EE64 /* OpenSans-ExtraBoldItalic.ttf in Resources */ = {isa = PBXBuildFile; fileRef = 2C3155C21FE3D1540021EE64 /* OpenSans-ExtraBoldItalic.ttf */; };
		2C3155CE1FE3D1540021EE64 /* OpenSans-Regular.ttf in Resources */ = {isa = PBXBuildFile; fileRef = 2C3155C31FE3D1540021EE64 /* OpenSans-Regular.ttf */; };
		2C3155CF1FE3D1540021EE64 /* OpenSans-BoldItalic.ttf in Resources */ = {isa = PBXBuildFile; fileRef = 2C3155C41FE3D1540021EE64 /* OpenSans-BoldItalic.ttf */; };
		2C3155D21FE4028B0021EE64 /* ThemeManager.swift in Sources */ = {isa = PBXBuildFile; fileRef = 2C3155D11FE4028B0021EE64 /* ThemeManager.swift */; };
		2C3155D51FE404CA0021EE64 /* Theme.swift in Sources */ = {isa = PBXBuildFile; fileRef = 2C3155D41FE404CA0021EE64 /* Theme.swift */; };
		2C3155D81FE40E130021EE64 /* ColorViewModel.swift in Sources */ = {isa = PBXBuildFile; fileRef = 2C3155D71FE40E130021EE64 /* ColorViewModel.swift */; };
		2C3155DC1FE4527B0021EE64 /* ColorCollectionViewCell.swift in Sources */ = {isa = PBXBuildFile; fileRef = 2C3155DB1FE4527B0021EE64 /* ColorCollectionViewCell.swift */; };
		2C3155DE1FE579AA0021EE64 /* LoadingBtn.swift in Sources */ = {isa = PBXBuildFile; fileRef = 2C3155DD1FE579A90021EE64 /* LoadingBtn.swift */; };
		2C3155E11FE587640021EE64 /* ProjectStatus.swift in Sources */ = {isa = PBXBuildFile; fileRef = 2C3155E01FE587640021EE64 /* ProjectStatus.swift */; };
		2C3155E31FE591630021EE64 /* MenuType.swift in Sources */ = {isa = PBXBuildFile; fileRef = 2C3155E21FE591630021EE64 /* MenuType.swift */; };
		2C3155E61FE59F030021EE64 /* ProjectTableViewCell.swift in Sources */ = {isa = PBXBuildFile; fileRef = 2C3155E51FE59F030021EE64 /* ProjectTableViewCell.swift */; };
		2C3155E81FE5D75A0021EE64 /* SplashViewController.swift in Sources */ = {isa = PBXBuildFile; fileRef = 2C3155E71FE5D75A0021EE64 /* SplashViewController.swift */; };
		2C3155EC1FE5D8120021EE64 /* SplashViewModel.swift in Sources */ = {isa = PBXBuildFile; fileRef = 2C3155EB1FE5D8120021EE64 /* SplashViewModel.swift */; };
		2C3155EF1FE5D9680021EE64 /* User.swift in Sources */ = {isa = PBXBuildFile; fileRef = 2C3155EE1FE5D9680021EE64 /* User.swift */; };
		2C3155F21FE5DD8B0021EE64 /* LoadinLabel.swift in Sources */ = {isa = PBXBuildFile; fileRef = 2C3155F11FE5DD8B0021EE64 /* LoadinLabel.swift */; };
		2C4CE0301FE1990000F658D1 /* AppDelegate.swift in Sources */ = {isa = PBXBuildFile; fileRef = 2C4CE02F1FE1990000F658D1 /* AppDelegate.swift */; };
		2C4CE0371FE1990100F658D1 /* Assets.xcassets in Resources */ = {isa = PBXBuildFile; fileRef = 2C4CE0361FE1990100F658D1 /* Assets.xcassets */; };
		2C4CE03A1FE1990100F658D1 /* LaunchScreen.storyboard in Resources */ = {isa = PBXBuildFile; fileRef = 2C4CE0381FE1990100F658D1 /* LaunchScreen.storyboard */; };
		2C4CE0451FE1990100F658D1 /* TaskManagerTests.swift in Sources */ = {isa = PBXBuildFile; fileRef = 2C4CE0441FE1990100F658D1 /* TaskManagerTests.swift */; };
		2C4CE0501FE1990100F658D1 /* TaskManagerUITests.swift in Sources */ = {isa = PBXBuildFile; fileRef = 2C4CE04F1FE1990100F658D1 /* TaskManagerUITests.swift */; };
		2C4CE0651FE1A26300F658D1 /* API.swift in Sources */ = {isa = PBXBuildFile; fileRef = 2C4CE0641FE1A26300F658D1 /* API.swift */; };
		2C4CE0681FE1A30500F658D1 /* ServiceError.swift in Sources */ = {isa = PBXBuildFile; fileRef = 2C4CE0671FE1A30500F658D1 /* ServiceError.swift */; };
		2C4CE06A1FE1A41100F658D1 /* Service.swift in Sources */ = {isa = PBXBuildFile; fileRef = 2C4CE0691FE1A41100F658D1 /* Service.swift */; };
		2C4CE06C1FE1A4C600F658D1 /* Result.swift in Sources */ = {isa = PBXBuildFile; fileRef = 2C4CE06B1FE1A4C600F658D1 /* Result.swift */; };
		2C4CE06E1FE1CAE200F658D1 /* TaskItem.swift in Sources */ = {isa = PBXBuildFile; fileRef = 2C4CE06D1FE1CAE200F658D1 /* TaskItem.swift */; };
		2C5469721FE61DE400EA0977 /* ThemeObject.swift in Sources */ = {isa = PBXBuildFile; fileRef = 2C5469711FE61DE400EA0977 /* ThemeObject.swift */; };
		2C5469741FE6253100EA0977 /* TaskListViewModel.swift in Sources */ = {isa = PBXBuildFile; fileRef = 2C5469731FE6253100EA0977 /* TaskListViewModel.swift */; };
		2C5469791FE6B40700EA0977 /* SnackBarView.swift in Sources */ = {isa = PBXBuildFile; fileRef = 2C5469781FE6B40700EA0977 /* SnackBarView.swift */; };
		2C54697D1FE6B4B400EA0977 /* SnackBarType.swift in Sources */ = {isa = PBXBuildFile; fileRef = 2C54697C1FE6B4B400EA0977 /* SnackBarType.swift */; };
		2C5469801FE6B52B00EA0977 /* UIWindow+Exenstions.swift in Sources */ = {isa = PBXBuildFile; fileRef = 2C54697F1FE6B52B00EA0977 /* UIWindow+Exenstions.swift */; };
		2C5469821FE6C71900EA0977 /* TaskTableViewCell.swift in Sources */ = {isa = PBXBuildFile; fileRef = 2C5469811FE6C71900EA0977 /* TaskTableViewCell.swift */; };
		2C5469841FE6CB7200EA0977 /* UIImageView+Kingfisher.swift in Sources */ = {isa = PBXBuildFile; fileRef = 2C5469831FE6CB7200EA0977 /* UIImageView+Kingfisher.swift */; };
		2C5469871FE6DD3C00EA0977 /* DateManager.swift in Sources */ = {isa = PBXBuildFile; fileRef = 2C5469861FE6DD3C00EA0977 /* DateManager.swift */; };
		2C5469891FE6E88A00EA0977 /* TaskListTableViewCell.swift in Sources */ = {isa = PBXBuildFile; fileRef = 2C5469881FE6E88A00EA0977 /* TaskListTableViewCell.swift */; };
		2C630BD01FE73B9C00AFADA2 /* UrlObject.swift in Sources */ = {isa = PBXBuildFile; fileRef = 2C630BCF1FE73B9C00AFADA2 /* UrlObject.swift */; };
		2C630BD21FE73C8C00AFADA2 /* UrlManager.swift in Sources */ = {isa = PBXBuildFile; fileRef = 2C630BD11FE73C8C00AFADA2 /* UrlManager.swift */; };
		2C630BD61FE75D3100AFADA2 /* Moya+Extensions.swift in Sources */ = {isa = PBXBuildFile; fileRef = 2C630BD51FE75D3100AFADA2 /* Moya+Extensions.swift */; };
		2C6D81ED1FE5FFB4007EF91B /* TaskStatus.swift in Sources */ = {isa = PBXBuildFile; fileRef = 2C6D81EC1FE5FFB4007EF91B /* TaskStatus.swift */; };
		2C6D81F01FE602E9007EF91B /* TaskListsViewController.swift in Sources */ = {isa = PBXBuildFile; fileRef = 2C6D81EF1FE602E9007EF91B /* TaskListsViewController.swift */; };
		2C6D81F21FE6031B007EF91B /* TaskList.swift in Sources */ = {isa = PBXBuildFile; fileRef = 2C6D81F11FE6031B007EF91B /* TaskList.swift */; };
		2C7149E31FE30D100014D79F /* TasksViewController.swift in Sources */ = {isa = PBXBuildFile; fileRef = 2C7149E21FE30D100014D79F /* TasksViewController.swift */; };
		2C7149E51FE30D4D0014D79F /* TasksViewModel.swift in Sources */ = {isa = PBXBuildFile; fileRef = 2C7149E41FE30D4D0014D79F /* TasksViewModel.swift */; };
		2C7149EC1FE313170014D79F /* Wrapper.swift in Sources */ = {isa = PBXBuildFile; fileRef = 2C7149EB1FE313170014D79F /* Wrapper.swift */; };
		2C7149F21FE31E500014D79F /* AppCoordinator.swift in Sources */ = {isa = PBXBuildFile; fileRef = 2C7149F11FE31E500014D79F /* AppCoordinator.swift */; };
		2C7149FB1FE331160014D79F /* SWRevealViewController.m in Sources */ = {isa = PBXBuildFile; fileRef = 2C7149F91FE331160014D79F /* SWRevealViewController.m */; };
		2C714A001FE337CC0014D79F /* Image.swift in Sources */ = {isa = PBXBuildFile; fileRef = 2C7149FD1FE337CC0014D79F /* Image.swift */; };
		2C714A011FE337CC0014D79F /* Font.swift in Sources */ = {isa = PBXBuildFile; fileRef = 2C7149FE1FE337CC0014D79F /* Font.swift */; };
		2C714A021FE337CC0014D79F /* Color.swift in Sources */ = {isa = PBXBuildFile; fileRef = 2C7149FF1FE337CC0014D79F /* Color.swift */; };
		2C714A051FE33A3C0014D79F /* UIColor+Extenstions.swift in Sources */ = {isa = PBXBuildFile; fileRef = 2C714A041FE33A3C0014D79F /* UIColor+Extenstions.swift */; };
		2C714A071FE33A950014D79F /* Asset.swift in Sources */ = {isa = PBXBuildFile; fileRef = 2C714A061FE33A950014D79F /* Asset.swift */; };
/* End PBXBuildFile section */

/* Begin PBXContainerItemProxy section */
		2C4CE0411FE1990100F658D1 /* PBXContainerItemProxy */ = {
			isa = PBXContainerItemProxy;
			containerPortal = 2C4CE0241FE1990000F658D1 /* Project object */;
			proxyType = 1;
			remoteGlobalIDString = 2C4CE02B1FE1990000F658D1;
			remoteInfo = TaskManager;
		};
		2C4CE04C1FE1990100F658D1 /* PBXContainerItemProxy */ = {
			isa = PBXContainerItemProxy;
			containerPortal = 2C4CE0241FE1990000F658D1 /* Project object */;
			proxyType = 1;
			remoteGlobalIDString = 2C4CE02B1FE1990000F658D1;
			remoteInfo = TaskManager;
		};
/* End PBXContainerItemProxy section */

/* Begin PBXFileReference section */
		18AC8C73DAB19BED6040097E /* Pods_TaskManager.framework */ = {isa = PBXFileReference; explicitFileType = wrapper.framework; includeInIndex = 0; path = Pods_TaskManager.framework; sourceTree = BUILT_PRODUCTS_DIR; };
		1DF52B0F9C925FC4A3FC57EC /* Pods-TaskManager.release.xcconfig */ = {isa = PBXFileReference; includeInIndex = 1; lastKnownFileType = text.xcconfig; name = "Pods-TaskManager.release.xcconfig"; path = "Pods/Target Support Files/Pods-TaskManager/Pods-TaskManager.release.xcconfig"; sourceTree = "<group>"; };
		2C033AC11FE33F4B003DF4ED /* MenuViewController.swift */ = {isa = PBXFileReference; lastKnownFileType = sourcecode.swift; path = MenuViewController.swift; sourceTree = "<group>"; };
		2C033AC31FE34016003DF4ED /* MenuViewModel.swift */ = {isa = PBXFileReference; lastKnownFileType = sourcecode.swift; path = MenuViewModel.swift; sourceTree = "<group>"; };
		2C033AC71FE34563003DF4ED /* MenuItem.swift */ = {isa = PBXFileReference; lastKnownFileType = sourcecode.swift; path = MenuItem.swift; sourceTree = "<group>"; };
		2C033ACB1FE34FB9003DF4ED /* SWRevealViewController+Extensions.swift */ = {isa = PBXFileReference; lastKnownFileType = sourcecode.swift; path = "SWRevealViewController+Extensions.swift"; sourceTree = "<group>"; };
		2C033AD51FE36734003DF4ED /* TestViewController.swift */ = {isa = PBXFileReference; lastKnownFileType = sourcecode.swift; path = TestViewController.swift; sourceTree = "<group>"; };
		2C29F4961FE2B6C100EAB23F /* Coordinator.swift */ = {isa = PBXFileReference; lastKnownFileType = sourcecode.swift; path = Coordinator.swift; sourceTree = "<group>"; };
		2C29F4991FE2B7D600EAB23F /* NavigationController.swift */ = {isa = PBXFileReference; lastKnownFileType = sourcecode.swift; path = NavigationController.swift; sourceTree = "<group>"; };
		2C2F8C4E1FE5E62F00F776D6 /* DataManager.swift */ = {isa = PBXFileReference; lastKnownFileType = sourcecode.swift; path = DataManager.swift; sourceTree = "<group>"; };
		2C2F8C511FE5E7CB00F776D6 /* DBManager.swift */ = {isa = PBXFileReference; lastKnownFileType = sourcecode.swift; path = DBManager.swift; sourceTree = "<group>"; };
		2C31559F1FE37F130021EE64 /* ColorViewController.swift */ = {isa = PBXFileReference; lastKnownFileType = sourcecode.swift; path = ColorViewController.swift; sourceTree = "<group>"; };
		2C3155A21FE3882A0021EE64 /* ProjectsViewController.swift */ = {isa = PBXFileReference; lastKnownFileType = sourcecode.swift; path = ProjectsViewController.swift; sourceTree = "<group>"; };
		2C3155A41FE3887A0021EE64 /* BaseTableViewController.swift */ = {isa = PBXFileReference; lastKnownFileType = sourcecode.swift; path = BaseTableViewController.swift; sourceTree = "<group>"; };
		2C3155A91FE38CCD0021EE64 /* Project.swift */ = {isa = PBXFileReference; fileEncoding = 4; lastKnownFileType = sourcecode.swift; path = Project.swift; sourceTree = "<group>"; };
		2C3155AA1FE38CCD0021EE64 /* Category.swift */ = {isa = PBXFileReference; fileEncoding = 4; lastKnownFileType = sourcecode.swift; path = Category.swift; sourceTree = "<group>"; };
		2C3155AB1FE38CCD0021EE64 /* Company.swift */ = {isa = PBXFileReference; fileEncoding = 4; lastKnownFileType = sourcecode.swift; path = Company.swift; sourceTree = "<group>"; };
		2C3155B21FE3BF300021EE64 /* ViewModel.swift */ = {isa = PBXFileReference; lastKnownFileType = sourcecode.swift; path = ViewModel.swift; sourceTree = "<group>"; };
		2C3155B41FE3C37C0021EE64 /* ProjectsViewModel.swift */ = {isa = PBXFileReference; lastKnownFileType = sourcecode.swift; path = ProjectsViewModel.swift; sourceTree = "<group>"; };
		2C3155B71FE3CFE30021EE64 /* MenuTableViewCell.swift */ = {isa = PBXFileReference; lastKnownFileType = sourcecode.swift; path = MenuTableViewCell.swift; sourceTree = "<group>"; };
		2C3155BA1FE3D1540021EE64 /* OpenSans-SemiBold.ttf */ = {isa = PBXFileReference; lastKnownFileType = file; path = "OpenSans-SemiBold.ttf"; sourceTree = "<group>"; };
		2C3155BB1FE3D1540021EE64 /* OpenSans-Light.ttf */ = {isa = PBXFileReference; lastKnownFileType = file; path = "OpenSans-Light.ttf"; sourceTree = "<group>"; };
		2C3155BC1FE3D1540021EE64 /* OpenSans-Italic.ttf */ = {isa = PBXFileReference; lastKnownFileType = file; path = "OpenSans-Italic.ttf"; sourceTree = "<group>"; };
		2C3155BD1FE3D1540021EE64 /* OpenSans-ExtraBold.ttf */ = {isa = PBXFileReference; lastKnownFileType = file; path = "OpenSans-ExtraBold.ttf"; sourceTree = "<group>"; };
		2C3155BE1FE3D1540021EE64 /* .gitignore */ = {isa = PBXFileReference; fileEncoding = 4; lastKnownFileType = text; path = .gitignore; sourceTree = "<group>"; };
		2C3155BF1FE3D1540021EE64 /* OpenSans-LightItalic.ttf */ = {isa = PBXFileReference; lastKnownFileType = file; path = "OpenSans-LightItalic.ttf"; sourceTree = "<group>"; };
		2C3155C01FE3D1540021EE64 /* OpenSans-Bold.ttf */ = {isa = PBXFileReference; lastKnownFileType = file; path = "OpenSans-Bold.ttf"; sourceTree = "<group>"; };
		2C3155C11FE3D1540021EE64 /* OpenSans-SemiBoldItalic.ttf */ = {isa = PBXFileReference; lastKnownFileType = file; path = "OpenSans-SemiBoldItalic.ttf"; sourceTree = "<group>"; };
		2C3155C21FE3D1540021EE64 /* OpenSans-ExtraBoldItalic.ttf */ = {isa = PBXFileReference; lastKnownFileType = file; path = "OpenSans-ExtraBoldItalic.ttf"; sourceTree = "<group>"; };
		2C3155C31FE3D1540021EE64 /* OpenSans-Regular.ttf */ = {isa = PBXFileReference; lastKnownFileType = file; path = "OpenSans-Regular.ttf"; sourceTree = "<group>"; };
		2C3155C41FE3D1540021EE64 /* OpenSans-BoldItalic.ttf */ = {isa = PBXFileReference; lastKnownFileType = file; path = "OpenSans-BoldItalic.ttf"; sourceTree = "<group>"; };
		2C3155D11FE4028B0021EE64 /* ThemeManager.swift */ = {isa = PBXFileReference; lastKnownFileType = sourcecode.swift; path = ThemeManager.swift; sourceTree = "<group>"; };
		2C3155D41FE404CA0021EE64 /* Theme.swift */ = {isa = PBXFileReference; lastKnownFileType = sourcecode.swift; path = Theme.swift; sourceTree = "<group>"; };
		2C3155D71FE40E130021EE64 /* ColorViewModel.swift */ = {isa = PBXFileReference; lastKnownFileType = sourcecode.swift; path = ColorViewModel.swift; sourceTree = "<group>"; };
		2C3155DB1FE4527B0021EE64 /* ColorCollectionViewCell.swift */ = {isa = PBXFileReference; lastKnownFileType = sourcecode.swift; path = ColorCollectionViewCell.swift; sourceTree = "<group>"; };
		2C3155DD1FE579A90021EE64 /* LoadingBtn.swift */ = {isa = PBXFileReference; fileEncoding = 4; lastKnownFileType = sourcecode.swift; path = LoadingBtn.swift; sourceTree = "<group>"; };
		2C3155E01FE587640021EE64 /* ProjectStatus.swift */ = {isa = PBXFileReference; lastKnownFileType = sourcecode.swift; path = ProjectStatus.swift; sourceTree = "<group>"; };
		2C3155E21FE591630021EE64 /* MenuType.swift */ = {isa = PBXFileReference; lastKnownFileType = sourcecode.swift; path = MenuType.swift; sourceTree = "<group>"; };
		2C3155E51FE59F030021EE64 /* ProjectTableViewCell.swift */ = {isa = PBXFileReference; lastKnownFileType = sourcecode.swift; path = ProjectTableViewCell.swift; sourceTree = "<group>"; };
		2C3155E71FE5D75A0021EE64 /* SplashViewController.swift */ = {isa = PBXFileReference; lastKnownFileType = sourcecode.swift; path = SplashViewController.swift; sourceTree = "<group>"; };
		2C3155EB1FE5D8120021EE64 /* SplashViewModel.swift */ = {isa = PBXFileReference; lastKnownFileType = sourcecode.swift; path = SplashViewModel.swift; sourceTree = "<group>"; };
		2C3155EE1FE5D9680021EE64 /* User.swift */ = {isa = PBXFileReference; lastKnownFileType = sourcecode.swift; path = User.swift; sourceTree = "<group>"; };
		2C3155F11FE5DD8B0021EE64 /* LoadinLabel.swift */ = {isa = PBXFileReference; lastKnownFileType = sourcecode.swift; path = LoadinLabel.swift; sourceTree = "<group>"; };
		2C4CE02C1FE1990000F658D1 /* TaskManager.app */ = {isa = PBXFileReference; explicitFileType = wrapper.application; includeInIndex = 0; path = TaskManager.app; sourceTree = BUILT_PRODUCTS_DIR; };
		2C4CE02F1FE1990000F658D1 /* AppDelegate.swift */ = {isa = PBXFileReference; lastKnownFileType = sourcecode.swift; path = AppDelegate.swift; sourceTree = "<group>"; };
		2C4CE0361FE1990100F658D1 /* Assets.xcassets */ = {isa = PBXFileReference; lastKnownFileType = folder.assetcatalog; path = Assets.xcassets; sourceTree = "<group>"; };
		2C4CE0391FE1990100F658D1 /* Base */ = {isa = PBXFileReference; lastKnownFileType = file.storyboard; name = Base; path = Base.lproj/LaunchScreen.storyboard; sourceTree = "<group>"; };
		2C4CE03B1FE1990100F658D1 /* Info.plist */ = {isa = PBXFileReference; lastKnownFileType = text.plist.xml; path = Info.plist; sourceTree = "<group>"; };
		2C4CE0401FE1990100F658D1 /* TaskManagerTests.xctest */ = {isa = PBXFileReference; explicitFileType = wrapper.cfbundle; includeInIndex = 0; path = TaskManagerTests.xctest; sourceTree = BUILT_PRODUCTS_DIR; };
		2C4CE0441FE1990100F658D1 /* TaskManagerTests.swift */ = {isa = PBXFileReference; lastKnownFileType = sourcecode.swift; path = TaskManagerTests.swift; sourceTree = "<group>"; };
		2C4CE0461FE1990100F658D1 /* Info.plist */ = {isa = PBXFileReference; lastKnownFileType = text.plist.xml; path = Info.plist; sourceTree = "<group>"; };
		2C4CE04B1FE1990100F658D1 /* TaskManagerUITests.xctest */ = {isa = PBXFileReference; explicitFileType = wrapper.cfbundle; includeInIndex = 0; path = TaskManagerUITests.xctest; sourceTree = BUILT_PRODUCTS_DIR; };
		2C4CE04F1FE1990100F658D1 /* TaskManagerUITests.swift */ = {isa = PBXFileReference; lastKnownFileType = sourcecode.swift; path = TaskManagerUITests.swift; sourceTree = "<group>"; };
		2C4CE0511FE1990100F658D1 /* Info.plist */ = {isa = PBXFileReference; lastKnownFileType = text.plist.xml; path = Info.plist; sourceTree = "<group>"; };
		2C4CE0641FE1A26300F658D1 /* API.swift */ = {isa = PBXFileReference; lastKnownFileType = sourcecode.swift; path = API.swift; sourceTree = "<group>"; };
		2C4CE0671FE1A30500F658D1 /* ServiceError.swift */ = {isa = PBXFileReference; lastKnownFileType = sourcecode.swift; path = ServiceError.swift; sourceTree = "<group>"; };
		2C4CE0691FE1A41100F658D1 /* Service.swift */ = {isa = PBXFileReference; lastKnownFileType = sourcecode.swift; path = Service.swift; sourceTree = "<group>"; };
		2C4CE06B1FE1A4C600F658D1 /* Result.swift */ = {isa = PBXFileReference; lastKnownFileType = sourcecode.swift; path = Result.swift; sourceTree = "<group>"; };
		2C4CE06D1FE1CAE200F658D1 /* TaskItem.swift */ = {isa = PBXFileReference; lastKnownFileType = sourcecode.swift; path = TaskItem.swift; sourceTree = "<group>"; };
		2C5469711FE61DE400EA0977 /* ThemeObject.swift */ = {isa = PBXFileReference; lastKnownFileType = sourcecode.swift; path = ThemeObject.swift; sourceTree = "<group>"; };
		2C5469731FE6253100EA0977 /* TaskListViewModel.swift */ = {isa = PBXFileReference; lastKnownFileType = sourcecode.swift; path = TaskListViewModel.swift; sourceTree = "<group>"; };
		2C5469781FE6B40700EA0977 /* SnackBarView.swift */ = {isa = PBXFileReference; lastKnownFileType = sourcecode.swift; path = SnackBarView.swift; sourceTree = "<group>"; };
		2C54697C1FE6B4B400EA0977 /* SnackBarType.swift */ = {isa = PBXFileReference; lastKnownFileType = sourcecode.swift; path = SnackBarType.swift; sourceTree = "<group>"; };
		2C54697F1FE6B52B00EA0977 /* UIWindow+Exenstions.swift */ = {isa = PBXFileReference; lastKnownFileType = sourcecode.swift; path = "UIWindow+Exenstions.swift"; sourceTree = "<group>"; };
		2C5469811FE6C71900EA0977 /* TaskTableViewCell.swift */ = {isa = PBXFileReference; lastKnownFileType = sourcecode.swift; path = TaskTableViewCell.swift; sourceTree = "<group>"; };
		2C5469831FE6CB7200EA0977 /* UIImageView+Kingfisher.swift */ = {isa = PBXFileReference; lastKnownFileType = sourcecode.swift; path = "UIImageView+Kingfisher.swift"; sourceTree = "<group>"; };
		2C5469861FE6DD3C00EA0977 /* DateManager.swift */ = {isa = PBXFileReference; lastKnownFileType = sourcecode.swift; path = DateManager.swift; sourceTree = "<group>"; };
		2C5469881FE6E88A00EA0977 /* TaskListTableViewCell.swift */ = {isa = PBXFileReference; lastKnownFileType = sourcecode.swift; path = TaskListTableViewCell.swift; sourceTree = "<group>"; };
		2C630BCF1FE73B9C00AFADA2 /* UrlObject.swift */ = {isa = PBXFileReference; lastKnownFileType = sourcecode.swift; path = UrlObject.swift; sourceTree = "<group>"; };
		2C630BD11FE73C8C00AFADA2 /* UrlManager.swift */ = {isa = PBXFileReference; lastKnownFileType = sourcecode.swift; path = UrlManager.swift; sourceTree = "<group>"; };
		2C630BD51FE75D3100AFADA2 /* Moya+Extensions.swift */ = {isa = PBXFileReference; lastKnownFileType = sourcecode.swift; path = "Moya+Extensions.swift"; sourceTree = "<group>"; };
		2C6D81EC1FE5FFB4007EF91B /* TaskStatus.swift */ = {isa = PBXFileReference; lastKnownFileType = sourcecode.swift; path = TaskStatus.swift; sourceTree = "<group>"; };
		2C6D81EF1FE602E9007EF91B /* TaskListsViewController.swift */ = {isa = PBXFileReference; lastKnownFileType = sourcecode.swift; path = TaskListsViewController.swift; sourceTree = "<group>"; };
		2C6D81F11FE6031B007EF91B /* TaskList.swift */ = {isa = PBXFileReference; lastKnownFileType = sourcecode.swift; path = TaskList.swift; sourceTree = "<group>"; };
		2C7149E21FE30D100014D79F /* TasksViewController.swift */ = {isa = PBXFileReference; lastKnownFileType = sourcecode.swift; path = TasksViewController.swift; sourceTree = "<group>"; };
		2C7149E41FE30D4D0014D79F /* TasksViewModel.swift */ = {isa = PBXFileReference; lastKnownFileType = sourcecode.swift; path = TasksViewModel.swift; sourceTree = "<group>"; };
		2C7149EB1FE313170014D79F /* Wrapper.swift */ = {isa = PBXFileReference; lastKnownFileType = sourcecode.swift; path = Wrapper.swift; sourceTree = "<group>"; };
		2C7149F11FE31E500014D79F /* AppCoordinator.swift */ = {isa = PBXFileReference; lastKnownFileType = sourcecode.swift; path = AppCoordinator.swift; sourceTree = "<group>"; };
		2C7149F81FE331150014D79F /* TaskManager-Bridging-Header.h */ = {isa = PBXFileReference; lastKnownFileType = sourcecode.c.h; path = "TaskManager-Bridging-Header.h"; sourceTree = "<group>"; };
		2C7149F91FE331160014D79F /* SWRevealViewController.m */ = {isa = PBXFileReference; fileEncoding = 4; lastKnownFileType = sourcecode.c.objc; path = SWRevealViewController.m; sourceTree = "<group>"; };
		2C7149FA1FE331160014D79F /* SWRevealViewController.h */ = {isa = PBXFileReference; fileEncoding = 4; lastKnownFileType = sourcecode.c.h; path = SWRevealViewController.h; sourceTree = "<group>"; };
		2C7149FD1FE337CC0014D79F /* Image.swift */ = {isa = PBXFileReference; fileEncoding = 4; lastKnownFileType = sourcecode.swift; path = Image.swift; sourceTree = "<group>"; };
		2C7149FE1FE337CC0014D79F /* Font.swift */ = {isa = PBXFileReference; fileEncoding = 4; lastKnownFileType = sourcecode.swift; path = Font.swift; sourceTree = "<group>"; };
		2C7149FF1FE337CC0014D79F /* Color.swift */ = {isa = PBXFileReference; fileEncoding = 4; lastKnownFileType = sourcecode.swift; path = Color.swift; sourceTree = "<group>"; };
		2C714A041FE33A3C0014D79F /* UIColor+Extenstions.swift */ = {isa = PBXFileReference; lastKnownFileType = sourcecode.swift; path = "UIColor+Extenstions.swift"; sourceTree = "<group>"; };
		2C714A061FE33A950014D79F /* Asset.swift */ = {isa = PBXFileReference; lastKnownFileType = sourcecode.swift; path = Asset.swift; sourceTree = "<group>"; };
		A875E162308DEDB1CA8401B1 /* Pods-TaskManager.debug.xcconfig */ = {isa = PBXFileReference; includeInIndex = 1; lastKnownFileType = text.xcconfig; name = "Pods-TaskManager.debug.xcconfig"; path = "Pods/Target Support Files/Pods-TaskManager/Pods-TaskManager.debug.xcconfig"; sourceTree = "<group>"; };
/* End PBXFileReference section */

/* Begin PBXFrameworksBuildPhase section */
		2C4CE0291FE1990000F658D1 /* Frameworks */ = {
			isa = PBXFrameworksBuildPhase;
			buildActionMask = 2147483647;
			files = (
				06A7D48231129211D6ADB8BE /* Pods_TaskManager.framework in Frameworks */,
			);
			runOnlyForDeploymentPostprocessing = 0;
		};
		2C4CE03D1FE1990100F658D1 /* Frameworks */ = {
			isa = PBXFrameworksBuildPhase;
			buildActionMask = 2147483647;
			files = (
			);
			runOnlyForDeploymentPostprocessing = 0;
		};
		2C4CE0481FE1990100F658D1 /* Frameworks */ = {
			isa = PBXFrameworksBuildPhase;
			buildActionMask = 2147483647;
			files = (
			);
			runOnlyForDeploymentPostprocessing = 0;
		};
/* End PBXFrameworksBuildPhase section */

/* Begin PBXGroup section */
		2C033ABF1FE33F24003DF4ED /* Menu */ = {
			isa = PBXGroup;
			children = (
				2C3155B61FE3CFCB0021EE64 /* Views */,
				2C033AC61FE34558003DF4ED /* Misc */,
				2C033AC51FE3401D003DF4ED /* ViewModels */,
				2C033AC11FE33F4B003DF4ED /* MenuViewController.swift */,
			);
			path = Menu;
			sourceTree = "<group>";
		};
		2C033AC51FE3401D003DF4ED /* ViewModels */ = {
			isa = PBXGroup;
			children = (
				2C033AC31FE34016003DF4ED /* MenuViewModel.swift */,
			);
			path = ViewModels;
			sourceTree = "<group>";
		};
		2C033AC61FE34558003DF4ED /* Misc */ = {
			isa = PBXGroup;
			children = (
				2C033AC71FE34563003DF4ED /* MenuItem.swift */,
				2C3155E21FE591630021EE64 /* MenuType.swift */,
			);
			path = Misc;
			sourceTree = "<group>";
		};
		2C033AD01FE35BE6003DF4ED /* Shared */ = {
			isa = PBXGroup;
			children = (
				2C5469771FE6B3EC00EA0977 /* Views */,
				2C3155ED1FE5D95B0021EE64 /* Models */,
				2C033AD51FE36734003DF4ED /* TestViewController.swift */,
				2C3155A41FE3887A0021EE64 /* BaseTableViewController.swift */,
			);
			path = Shared;
			sourceTree = "<group>";
		};
		2C29F4981FE2B6F600EAB23F /* Navigation */ = {
			isa = PBXGroup;
			children = (
				2C29F4991FE2B7D600EAB23F /* NavigationController.swift */,
			);
			path = Navigation;
			sourceTree = "<group>";
		};
		2C2F8C4D1FE5E61500F776D6 /* DataManager */ = {
			isa = PBXGroup;
			children = (
				2C2F8C4E1FE5E62F00F776D6 /* DataManager.swift */,
			);
			path = DataManager;
			sourceTree = "<group>";
		};
		2C2F8C501FE5E7B800F776D6 /* DatabBase */ = {
			isa = PBXGroup;
			children = (
				2C2F8C511FE5E7CB00F776D6 /* DBManager.swift */,
			);
			path = DatabBase;
			sourceTree = "<group>";
		};
		2C31559D1FE37D9F0021EE64 /* Settings */ = {
			isa = PBXGroup;
			children = (
				2C31559E1FE37DAB0021EE64 /* ColorTheme */,
			);
			path = Settings;
			sourceTree = "<group>";
		};
		2C31559E1FE37DAB0021EE64 /* ColorTheme */ = {
			isa = PBXGroup;
			children = (
				2C5469701FE61DAE00EA0977 /* Misc */,
				2C3155DA1FE452650021EE64 /* Views */,
				2C3155D91FE40E1F0021EE64 /* ViewModels */,
				2C3155D31FE404BB0021EE64 /* Models */,
				2C31559F1FE37F130021EE64 /* ColorViewController.swift */,
			);
			path = ColorTheme;
			sourceTree = "<group>";
		};
		2C3155A11FE387F60021EE64 /* Projects */ = {
			isa = PBXGroup;
			children = (
				2C3155E41FE59EEE0021EE64 /* Views */,
				2C3155DF1FE587550021EE64 /* Misc */,
				2C3155AF1FE390290021EE64 /* ViewModels */,
				2C3155A61FE38CB10021EE64 /* Models */,
				2C3155A21FE3882A0021EE64 /* ProjectsViewController.swift */,
			);
			path = Projects;
			sourceTree = "<group>";
		};
		2C3155A61FE38CB10021EE64 /* Models */ = {
			isa = PBXGroup;
			children = (
				2C3155AA1FE38CCD0021EE64 /* Category.swift */,
				2C3155AB1FE38CCD0021EE64 /* Company.swift */,
				2C3155A91FE38CCD0021EE64 /* Project.swift */,
			);
			path = Models;
			sourceTree = "<group>";
		};
		2C3155AF1FE390290021EE64 /* ViewModels */ = {
			isa = PBXGroup;
			children = (
				2C3155B41FE3C37C0021EE64 /* ProjectsViewModel.swift */,
			);
			path = ViewModels;
			sourceTree = "<group>";
		};
		2C3155B61FE3CFCB0021EE64 /* Views */ = {
			isa = PBXGroup;
			children = (
				2C3155B71FE3CFE30021EE64 /* MenuTableViewCell.swift */,
			);
			path = Views;
			sourceTree = "<group>";
		};
		2C3155B91FE3D1540021EE64 /* Fonts */ = {
			isa = PBXGroup;
			children = (
				2C3155BA1FE3D1540021EE64 /* OpenSans-SemiBold.ttf */,
				2C3155BB1FE3D1540021EE64 /* OpenSans-Light.ttf */,
				2C3155BC1FE3D1540021EE64 /* OpenSans-Italic.ttf */,
				2C3155BD1FE3D1540021EE64 /* OpenSans-ExtraBold.ttf */,
				2C3155BE1FE3D1540021EE64 /* .gitignore */,
				2C3155BF1FE3D1540021EE64 /* OpenSans-LightItalic.ttf */,
				2C3155C01FE3D1540021EE64 /* OpenSans-Bold.ttf */,
				2C3155C11FE3D1540021EE64 /* OpenSans-SemiBoldItalic.ttf */,
				2C3155C21FE3D1540021EE64 /* OpenSans-ExtraBoldItalic.ttf */,
				2C3155C31FE3D1540021EE64 /* OpenSans-Regular.ttf */,
				2C3155C41FE3D1540021EE64 /* OpenSans-BoldItalic.ttf */,
			);
			path = Fonts;
			sourceTree = "<group>";
		};
		2C3155D01FE402680021EE64 /* Appearance */ = {
			isa = PBXGroup;
			children = (
				2C3155D11FE4028B0021EE64 /* ThemeManager.swift */,
			);
			path = Appearance;
			sourceTree = "<group>";
		};
		2C3155D31FE404BB0021EE64 /* Models */ = {
			isa = PBXGroup;
			children = (
				2C5469711FE61DE400EA0977 /* ThemeObject.swift */,
			);
			path = Models;
			sourceTree = "<group>";
		};
		2C3155D91FE40E1F0021EE64 /* ViewModels */ = {
			isa = PBXGroup;
			children = (
				2C3155D71FE40E130021EE64 /* ColorViewModel.swift */,
			);
			path = ViewModels;
			sourceTree = "<group>";
		};
		2C3155DA1FE452650021EE64 /* Views */ = {
			isa = PBXGroup;
			children = (
				2C3155DD1FE579A90021EE64 /* LoadingBtn.swift */,
				2C3155DB1FE4527B0021EE64 /* ColorCollectionViewCell.swift */,
			);
			path = Views;
			sourceTree = "<group>";
		};
		2C3155DF1FE587550021EE64 /* Misc */ = {
			isa = PBXGroup;
			children = (
				2C3155E01FE587640021EE64 /* ProjectStatus.swift */,
			);
			path = Misc;
			sourceTree = "<group>";
		};
		2C3155E41FE59EEE0021EE64 /* Views */ = {
			isa = PBXGroup;
			children = (
				2C3155E51FE59F030021EE64 /* ProjectTableViewCell.swift */,
			);
			path = Views;
			sourceTree = "<group>";
		};
		2C3155E91FE5D7680021EE64 /* Splash */ = {
			isa = PBXGroup;
			children = (
				2C3155F01FE5DD720021EE64 /* Views */,
				2C3155EA1FE5D7F90021EE64 /* ViewModel */,
				2C3155E71FE5D75A0021EE64 /* SplashViewController.swift */,
			);
			path = Splash;
			sourceTree = "<group>";
		};
		2C3155EA1FE5D7F90021EE64 /* ViewModel */ = {
			isa = PBXGroup;
			children = (
				2C3155EB1FE5D8120021EE64 /* SplashViewModel.swift */,
			);
			path = ViewModel;
			sourceTree = "<group>";
		};
		2C3155ED1FE5D95B0021EE64 /* Models */ = {
			isa = PBXGroup;
			children = (
				2C3155EE1FE5D9680021EE64 /* User.swift */,
			);
			path = Models;
			sourceTree = "<group>";
		};
		2C3155F01FE5DD720021EE64 /* Views */ = {
			isa = PBXGroup;
			children = (
				2C3155F11FE5DD8B0021EE64 /* LoadinLabel.swift */,
			);
			path = Views;
			sourceTree = "<group>";
		};
		2C4CE0231FE1990000F658D1 = {
			isa = PBXGroup;
			children = (
				2C4CE02E1FE1990000F658D1 /* TaskManager */,
				2C4CE0431FE1990100F658D1 /* TaskManagerTests */,
				2C4CE04E1FE1990100F658D1 /* TaskManagerUITests */,
				2C4CE02D1FE1990000F658D1 /* Products */,
				9610A3F7AEFD964679A6260D /* Pods */,
				EE431E4E56C04014E04CE408 /* Frameworks */,
			);
			sourceTree = "<group>";
		};
		2C4CE02D1FE1990000F658D1 /* Products */ = {
			isa = PBXGroup;
			children = (
				2C4CE02C1FE1990000F658D1 /* TaskManager.app */,
				2C4CE0401FE1990100F658D1 /* TaskManagerTests.xctest */,
				2C4CE04B1FE1990100F658D1 /* TaskManagerUITests.xctest */,
			);
			name = Products;
			sourceTree = "<group>";
		};
		2C4CE02E1FE1990000F658D1 /* TaskManager */ = {
			isa = PBXGroup;
			children = (
				2CFC7A091FE2E4A200509309 /* Common */,
				2CFC7A081FE2E47F00509309 /* Resources */,
				2C7149ED1FE31E0D0014D79F /* Shared */,
				2C4CE0621FE19E7C00F658D1 /* Utils */,
				2C4CE05F1FE19B6400F658D1 /* Controllers */,
				2C4CE0381FE1990100F658D1 /* LaunchScreen.storyboard */,
				2C4CE03B1FE1990100F658D1 /* Info.plist */,
			);
			path = TaskManager;
			sourceTree = "<group>";
		};
		2C4CE0431FE1990100F658D1 /* TaskManagerTests */ = {
			isa = PBXGroup;
			children = (
				2C4CE0441FE1990100F658D1 /* TaskManagerTests.swift */,
				2C4CE0461FE1990100F658D1 /* Info.plist */,
			);
			path = TaskManagerTests;
			sourceTree = "<group>";
		};
		2C4CE04E1FE1990100F658D1 /* TaskManagerUITests */ = {
			isa = PBXGroup;
			children = (
				2C4CE04F1FE1990100F658D1 /* TaskManagerUITests.swift */,
				2C4CE0511FE1990100F658D1 /* Info.plist */,
			);
			path = TaskManagerUITests;
			sourceTree = "<group>";
		};
		2C4CE05E1FE19B5B00F658D1 /* ViewModels */ = {
			isa = PBXGroup;
			children = (
				2C7149E41FE30D4D0014D79F /* TasksViewModel.swift */,
				2C5469731FE6253100EA0977 /* TaskListViewModel.swift */,
			);
			path = ViewModels;
			sourceTree = "<group>";
		};
		2C4CE05F1FE19B6400F658D1 /* Controllers */ = {
			isa = PBXGroup;
			children = (
				2C7149F11FE31E500014D79F /* AppCoordinator.swift */,
				2C3155E91FE5D7680021EE64 /* Splash */,
				2C3155A11FE387F60021EE64 /* Projects */,
				2C31559D1FE37D9F0021EE64 /* Settings */,
				2C033AD01FE35BE6003DF4ED /* Shared */,
				2C033ABF1FE33F24003DF4ED /* Menu */,
				2C29F4981FE2B6F600EAB23F /* Navigation */,
				2C4CE0631FE19EC900F658D1 /* Tasks */,
			);
			path = Controllers;
			sourceTree = "<group>";
		};
		2C4CE0601FE19B6C00F658D1 /* Views */ = {
			isa = PBXGroup;
			children = (
				2C5469811FE6C71900EA0977 /* TaskTableViewCell.swift */,
				2C5469881FE6E88A00EA0977 /* TaskListTableViewCell.swift */,
			);
			path = Views;
			sourceTree = "<group>";
		};
		2C4CE0611FE19B8700F658D1 /* Models */ = {
			isa = PBXGroup;
			children = (
				2C4CE06D1FE1CAE200F658D1 /* TaskItem.swift */,
				2C6D81F11FE6031B007EF91B /* TaskList.swift */,
			);
			path = Models;
			sourceTree = "<group>";
		};
		2C4CE0621FE19E7C00F658D1 /* Utils */ = {
			isa = PBXGroup;
			children = (
				2C630BD31FE7475F00AFADA2 /* UrlManager */,
				2C5469851FE6DD2B00EA0977 /* DateManager */,
				2C2F8C501FE5E7B800F776D6 /* DatabBase */,
				2C2F8C4D1FE5E61500F776D6 /* DataManager */,
				2C3155D01FE402680021EE64 /* Appearance */,
				2C4CE0711FE1DE5500F658D1 /* Networking */,
			);
			path = Utils;
			sourceTree = "<group>";
		};
		2C4CE0631FE19EC900F658D1 /* Tasks */ = {
			isa = PBXGroup;
			children = (
				2C7149E21FE30D100014D79F /* TasksViewController.swift */,
				2C6D81EF1FE602E9007EF91B /* TaskListsViewController.swift */,
				2C6D81EB1FE5FFA4007EF91B /* Misc */,
				2C4CE0601FE19B6C00F658D1 /* Views */,
				2C4CE0611FE19B8700F658D1 /* Models */,
				2C4CE05E1FE19B5B00F658D1 /* ViewModels */,
			);
			path = Tasks;
			sourceTree = "<group>";
		};
		2C4CE0711FE1DE5500F658D1 /* Networking */ = {
			isa = PBXGroup;
			children = (
				2C630BD41FE75D2000AFADA2 /* Extensions */,
				2C630BCE1FE73B8900AFADA2 /* Models */,
				2C7149E81FE312DB0014D79F /* Misc */,
				2C4CE0641FE1A26300F658D1 /* API.swift */,
			);
			path = Networking;
			sourceTree = "<group>";
		};
		2C5469701FE61DAE00EA0977 /* Misc */ = {
			isa = PBXGroup;
			children = (
				2C3155D41FE404CA0021EE64 /* Theme.swift */,
			);
			path = Misc;
			sourceTree = "<group>";
		};
		2C5469771FE6B3EC00EA0977 /* Views */ = {
			isa = PBXGroup;
			children = (
				2C54697A1FE6B49F00EA0977 /* SnackBar */,
			);
			path = Views;
			sourceTree = "<group>";
		};
		2C54697A1FE6B49F00EA0977 /* SnackBar */ = {
			isa = PBXGroup;
			children = (
				2C54697B1FE6B4A600EA0977 /* Misc */,
				2C5469781FE6B40700EA0977 /* SnackBarView.swift */,
			);
			path = SnackBar;
			sourceTree = "<group>";
		};
		2C54697B1FE6B4A600EA0977 /* Misc */ = {
			isa = PBXGroup;
			children = (
				2C54697C1FE6B4B400EA0977 /* SnackBarType.swift */,
			);
			path = Misc;
			sourceTree = "<group>";
		};
		2C5469851FE6DD2B00EA0977 /* DateManager */ = {
			isa = PBXGroup;
			children = (
				2C5469861FE6DD3C00EA0977 /* DateManager.swift */,
			);
			path = DateManager;
			sourceTree = "<group>";
		};
		2C630BCE1FE73B8900AFADA2 /* Models */ = {
			isa = PBXGroup;
			children = (
				2C630BCF1FE73B9C00AFADA2 /* UrlObject.swift */,
			);
			path = Models;
			sourceTree = "<group>";
		};
		2C630BD31FE7475F00AFADA2 /* UrlManager */ = {
			isa = PBXGroup;
			children = (
				2C630BD11FE73C8C00AFADA2 /* UrlManager.swift */,
			);
			path = UrlManager;
			sourceTree = "<group>";
		};
		2C630BD41FE75D2000AFADA2 /* Extensions */ = {
			isa = PBXGroup;
			children = (
				2C630BD51FE75D3100AFADA2 /* Moya+Extensions.swift */,
			);
			path = Extensions;
			sourceTree = "<group>";
		};
		2C6D81EB1FE5FFA4007EF91B /* Misc */ = {
			isa = PBXGroup;
			children = (
				2C6D81EC1FE5FFB4007EF91B /* TaskStatus.swift */,
			);
			path = Misc;
			sourceTree = "<group>";
		};
		2C7149E81FE312DB0014D79F /* Misc */ = {
			isa = PBXGroup;
			children = (
				2C4CE0691FE1A41100F658D1 /* Service.swift */,
				2C4CE06B1FE1A4C600F658D1 /* Result.swift */,
				2C4CE0671FE1A30500F658D1 /* ServiceError.swift */,
				2C7149EB1FE313170014D79F /* Wrapper.swift */,
			);
			path = Misc;
			sourceTree = "<group>";
		};
		2C7149ED1FE31E0D0014D79F /* Shared */ = {
			isa = PBXGroup;
			children = (
				2C714A031FE33A270014D79F /* Extensions */,
				2C7149F71FE330FA0014D79F /* ThirdParty */,
				2C7149F01FE31E280014D79F /* Protocols */,
			);
			path = Shared;
			sourceTree = "<group>";
		};
		2C7149F01FE31E280014D79F /* Protocols */ = {
			isa = PBXGroup;
			children = (
				2C29F4961FE2B6C100EAB23F /* Coordinator.swift */,
				2C714A061FE33A950014D79F /* Asset.swift */,
				2C3155B21FE3BF300021EE64 /* ViewModel.swift */,
			);
			path = Protocols;
			sourceTree = "<group>";
		};
		2C7149F71FE330FA0014D79F /* ThirdParty */ = {
			isa = PBXGroup;
			children = (
				2C7149FA1FE331160014D79F /* SWRevealViewController.h */,
				2C7149F91FE331160014D79F /* SWRevealViewController.m */,
			);
			path = ThirdParty;
			sourceTree = "<group>";
		};
		2C7149FC1FE337CC0014D79F /* R */ = {
			isa = PBXGroup;
			children = (
				2C7149FD1FE337CC0014D79F /* Image.swift */,
				2C7149FE1FE337CC0014D79F /* Font.swift */,
				2C7149FF1FE337CC0014D79F /* Color.swift */,
			);
			path = R;
			sourceTree = "<group>";
		};
		2C714A031FE33A270014D79F /* Extensions */ = {
			isa = PBXGroup;
			children = (
				2C714A041FE33A3C0014D79F /* UIColor+Extenstions.swift */,
				2C033ACB1FE34FB9003DF4ED /* SWRevealViewController+Extensions.swift */,
				2C54697F1FE6B52B00EA0977 /* UIWindow+Exenstions.swift */,
				2C5469831FE6CB7200EA0977 /* UIImageView+Kingfisher.swift */,
			);
			path = Extensions;
			sourceTree = "<group>";
		};
		2CFC7A081FE2E47F00509309 /* Resources */ = {
			isa = PBXGroup;
			children = (
				2C3155B91FE3D1540021EE64 /* Fonts */,
				2C7149FC1FE337CC0014D79F /* R */,
				2C7149F81FE331150014D79F /* TaskManager-Bridging-Header.h */,
				2C4CE0361FE1990100F658D1 /* Assets.xcassets */,
			);
			path = Resources;
			sourceTree = "<group>";
		};
		2CFC7A091FE2E4A200509309 /* Common */ = {
			isa = PBXGroup;
			children = (
				2C4CE02F1FE1990000F658D1 /* AppDelegate.swift */,
			);
			path = Common;
			sourceTree = "<group>";
		};
		9610A3F7AEFD964679A6260D /* Pods */ = {
			isa = PBXGroup;
			children = (
				A875E162308DEDB1CA8401B1 /* Pods-TaskManager.debug.xcconfig */,
				1DF52B0F9C925FC4A3FC57EC /* Pods-TaskManager.release.xcconfig */,
			);
			name = Pods;
			sourceTree = "<group>";
		};
		EE431E4E56C04014E04CE408 /* Frameworks */ = {
			isa = PBXGroup;
			children = (
				18AC8C73DAB19BED6040097E /* Pods_TaskManager.framework */,
			);
			name = Frameworks;
			sourceTree = "<group>";
		};
/* End PBXGroup section */

/* Begin PBXNativeTarget section */
		2C4CE02B1FE1990000F658D1 /* TaskManager */ = {
			isa = PBXNativeTarget;
			buildConfigurationList = 2C4CE0541FE1990100F658D1 /* Build configuration list for PBXNativeTarget "TaskManager" */;
			buildPhases = (
				1B42F2C05BB423AD08F405F5 /* [CP] Check Pods Manifest.lock */,
				2C4CE0281FE1990000F658D1 /* Sources */,
				2C4CE0291FE1990000F658D1 /* Frameworks */,
				2C4CE02A1FE1990000F658D1 /* Resources */,
				139CB6A6A3A433D9AF6DF2FD /* [CP] Embed Pods Frameworks */,
				52226A2FA6BADB4717D2C942 /* [CP] Copy Pods Resources */,
			);
			buildRules = (
			);
			dependencies = (
			);
			name = TaskManager;
			productName = TaskManager;
			productReference = 2C4CE02C1FE1990000F658D1 /* TaskManager.app */;
			productType = "com.apple.product-type.application";
		};
		2C4CE03F1FE1990100F658D1 /* TaskManagerTests */ = {
			isa = PBXNativeTarget;
			buildConfigurationList = 2C4CE0571FE1990100F658D1 /* Build configuration list for PBXNativeTarget "TaskManagerTests" */;
			buildPhases = (
				2C4CE03C1FE1990100F658D1 /* Sources */,
				2C4CE03D1FE1990100F658D1 /* Frameworks */,
				2C4CE03E1FE1990100F658D1 /* Resources */,
			);
			buildRules = (
			);
			dependencies = (
				2C4CE0421FE1990100F658D1 /* PBXTargetDependency */,
			);
			name = TaskManagerTests;
			productName = TaskManagerTests;
			productReference = 2C4CE0401FE1990100F658D1 /* TaskManagerTests.xctest */;
			productType = "com.apple.product-type.bundle.unit-test";
		};
		2C4CE04A1FE1990100F658D1 /* TaskManagerUITests */ = {
			isa = PBXNativeTarget;
			buildConfigurationList = 2C4CE05A1FE1990100F658D1 /* Build configuration list for PBXNativeTarget "TaskManagerUITests" */;
			buildPhases = (
				2C4CE0471FE1990100F658D1 /* Sources */,
				2C4CE0481FE1990100F658D1 /* Frameworks */,
				2C4CE0491FE1990100F658D1 /* Resources */,
			);
			buildRules = (
			);
			dependencies = (
				2C4CE04D1FE1990100F658D1 /* PBXTargetDependency */,
			);
			name = TaskManagerUITests;
			productName = TaskManagerUITests;
			productReference = 2C4CE04B1FE1990100F658D1 /* TaskManagerUITests.xctest */;
			productType = "com.apple.product-type.bundle.ui-testing";
		};
/* End PBXNativeTarget section */

/* Begin PBXProject section */
		2C4CE0241FE1990000F658D1 /* Project object */ = {
			isa = PBXProject;
			attributes = {
				LastSwiftUpdateCheck = 0920;
				LastUpgradeCheck = 0920;
				ORGANIZATIONNAME = "Aleksandar Atanackovic";
				TargetAttributes = {
					2C4CE02B1FE1990000F658D1 = {
						CreatedOnToolsVersion = 9.2;
						LastSwiftMigration = 0920;
						ProvisioningStyle = Automatic;
					};
					2C4CE03F1FE1990100F658D1 = {
						CreatedOnToolsVersion = 9.2;
						ProvisioningStyle = Automatic;
						TestTargetID = 2C4CE02B1FE1990000F658D1;
					};
					2C4CE04A1FE1990100F658D1 = {
						CreatedOnToolsVersion = 9.2;
						ProvisioningStyle = Automatic;
						TestTargetID = 2C4CE02B1FE1990000F658D1;
					};
				};
			};
			buildConfigurationList = 2C4CE0271FE1990000F658D1 /* Build configuration list for PBXProject "TaskManager" */;
			compatibilityVersion = "Xcode 8.0";
			developmentRegion = en;
			hasScannedForEncodings = 0;
			knownRegions = (
				en,
				Base,
			);
			mainGroup = 2C4CE0231FE1990000F658D1;
			productRefGroup = 2C4CE02D1FE1990000F658D1 /* Products */;
			projectDirPath = "";
			projectRoot = "";
			targets = (
				2C4CE02B1FE1990000F658D1 /* TaskManager */,
				2C4CE03F1FE1990100F658D1 /* TaskManagerTests */,
				2C4CE04A1FE1990100F658D1 /* TaskManagerUITests */,
			);
		};
/* End PBXProject section */

/* Begin PBXResourcesBuildPhase section */
		2C4CE02A1FE1990000F658D1 /* Resources */ = {
			isa = PBXResourcesBuildPhase;
			buildActionMask = 2147483647;
			files = (
				2C4CE03A1FE1990100F658D1 /* LaunchScreen.storyboard in Resources */,
				2C3155C91FE3D1540021EE64 /* .gitignore in Resources */,
				2C3155C51FE3D1540021EE64 /* OpenSans-SemiBold.ttf in Resources */,
				2C3155C61FE3D1540021EE64 /* OpenSans-Light.ttf in Resources */,
				2C3155CC1FE3D1540021EE64 /* OpenSans-SemiBoldItalic.ttf in Resources */,
				2C3155C71FE3D1540021EE64 /* OpenSans-Italic.ttf in Resources */,
				2C3155CB1FE3D1540021EE64 /* OpenSans-Bold.ttf in Resources */,
				2C4CE0371FE1990100F658D1 /* Assets.xcassets in Resources */,
				2C3155CF1FE3D1540021EE64 /* OpenSans-BoldItalic.ttf in Resources */,
				2C3155CA1FE3D1540021EE64 /* OpenSans-LightItalic.ttf in Resources */,
				2C3155CD1FE3D1540021EE64 /* OpenSans-ExtraBoldItalic.ttf in Resources */,
				2C3155CE1FE3D1540021EE64 /* OpenSans-Regular.ttf in Resources */,
				2C3155C81FE3D1540021EE64 /* OpenSans-ExtraBold.ttf in Resources */,
			);
			runOnlyForDeploymentPostprocessing = 0;
		};
		2C4CE03E1FE1990100F658D1 /* Resources */ = {
			isa = PBXResourcesBuildPhase;
			buildActionMask = 2147483647;
			files = (
			);
			runOnlyForDeploymentPostprocessing = 0;
		};
		2C4CE0491FE1990100F658D1 /* Resources */ = {
			isa = PBXResourcesBuildPhase;
			buildActionMask = 2147483647;
			files = (
			);
			runOnlyForDeploymentPostprocessing = 0;
		};
/* End PBXResourcesBuildPhase section */

/* Begin PBXShellScriptBuildPhase section */
		139CB6A6A3A433D9AF6DF2FD /* [CP] Embed Pods Frameworks */ = {
			isa = PBXShellScriptBuildPhase;
			buildActionMask = 2147483647;
			files = (
			);
			inputPaths = (
				"${SRCROOT}/Pods/Target Support Files/Pods-TaskManager/Pods-TaskManager-frameworks.sh",
				"${BUILT_PRODUCTS_DIR}/Alamofire/Alamofire.framework",
				"${BUILT_PRODUCTS_DIR}/Kingfisher/Kingfisher.framework",
				"${BUILT_PRODUCTS_DIR}/Moya/Moya.framework",
				"${BUILT_PRODUCTS_DIR}/Realm/Realm.framework",
				"${BUILT_PRODUCTS_DIR}/RealmSwift/RealmSwift.framework",
				"${BUILT_PRODUCTS_DIR}/Result/Result.framework",
			);
			name = "[CP] Embed Pods Frameworks";
			outputPaths = (
				"${TARGET_BUILD_DIR}/${FRAMEWORKS_FOLDER_PATH}/Alamofire.framework",
				"${TARGET_BUILD_DIR}/${FRAMEWORKS_FOLDER_PATH}/Kingfisher.framework",
				"${TARGET_BUILD_DIR}/${FRAMEWORKS_FOLDER_PATH}/Moya.framework",
				"${TARGET_BUILD_DIR}/${FRAMEWORKS_FOLDER_PATH}/Realm.framework",
				"${TARGET_BUILD_DIR}/${FRAMEWORKS_FOLDER_PATH}/RealmSwift.framework",
				"${TARGET_BUILD_DIR}/${FRAMEWORKS_FOLDER_PATH}/Result.framework",
			);
			runOnlyForDeploymentPostprocessing = 0;
			shellPath = /bin/sh;
			shellScript = "\"${SRCROOT}/Pods/Target Support Files/Pods-TaskManager/Pods-TaskManager-frameworks.sh\"\n";
			showEnvVarsInLog = 0;
		};
		1B42F2C05BB423AD08F405F5 /* [CP] Check Pods Manifest.lock */ = {
			isa = PBXShellScriptBuildPhase;
			buildActionMask = 2147483647;
			files = (
			);
			inputPaths = (
				"${PODS_PODFILE_DIR_PATH}/Podfile.lock",
				"${PODS_ROOT}/Manifest.lock",
			);
			name = "[CP] Check Pods Manifest.lock";
			outputPaths = (
				"$(DERIVED_FILE_DIR)/Pods-TaskManager-checkManifestLockResult.txt",
			);
			runOnlyForDeploymentPostprocessing = 0;
			shellPath = /bin/sh;
			shellScript = "diff \"${PODS_PODFILE_DIR_PATH}/Podfile.lock\" \"${PODS_ROOT}/Manifest.lock\" > /dev/null\nif [ $? != 0 ] ; then\n    # print error to STDERR\n    echo \"error: The sandbox is not in sync with the Podfile.lock. Run 'pod install' or update your CocoaPods installation.\" >&2\n    exit 1\nfi\n# This output is used by Xcode 'outputs' to avoid re-running this script phase.\necho \"SUCCESS\" > \"${SCRIPT_OUTPUT_FILE_0}\"\n";
			showEnvVarsInLog = 0;
		};
		52226A2FA6BADB4717D2C942 /* [CP] Copy Pods Resources */ = {
			isa = PBXShellScriptBuildPhase;
			buildActionMask = 2147483647;
			files = (
			);
			inputPaths = (
			);
			name = "[CP] Copy Pods Resources";
			outputPaths = (
			);
			runOnlyForDeploymentPostprocessing = 0;
			shellPath = /bin/sh;
			shellScript = "\"${SRCROOT}/Pods/Target Support Files/Pods-TaskManager/Pods-TaskManager-resources.sh\"\n";
			showEnvVarsInLog = 0;
		};
/* End PBXShellScriptBuildPhase section */

/* Begin PBXSourcesBuildPhase section */
		2C4CE0281FE1990000F658D1 /* Sources */ = {
			isa = PBXSourcesBuildPhase;
			buildActionMask = 2147483647;
			files = (
				2C033AC81FE34563003DF4ED /* MenuItem.swift in Sources */,
				2C3155F21FE5DD8B0021EE64 /* LoadinLabel.swift in Sources */,
				2C4CE0681FE1A30500F658D1 /* ServiceError.swift in Sources */,
				2C714A071FE33A950014D79F /* Asset.swift in Sources */,
				2C2F8C4F1FE5E62F00F776D6 /* DataManager.swift in Sources */,
				2C033ACC1FE34FB9003DF4ED /* SWRevealViewController+Extensions.swift in Sources */,
				2C714A051FE33A3C0014D79F /* UIColor+Extenstions.swift in Sources */,
				2C6D81F01FE602E9007EF91B /* TaskListsViewController.swift in Sources */,
				2C54697D1FE6B4B400EA0977 /* SnackBarType.swift in Sources */,
				2C7149FB1FE331160014D79F /* SWRevealViewController.m in Sources */,
				2C3155B31FE3BF300021EE64 /* ViewModel.swift in Sources */,
				2C5469821FE6C71900EA0977 /* TaskTableViewCell.swift in Sources */,
				2C033AC41FE34016003DF4ED /* MenuViewModel.swift in Sources */,
				2C3155AD1FE38CCD0021EE64 /* Category.swift in Sources */,
				2C4CE06C1FE1A4C600F658D1 /* Result.swift in Sources */,
				2C4CE06A1FE1A41100F658D1 /* Service.swift in Sources */,
				2C3155E31FE591630021EE64 /* MenuType.swift in Sources */,
				2C6D81F21FE6031B007EF91B /* TaskList.swift in Sources */,
				2C7149EC1FE313170014D79F /* Wrapper.swift in Sources */,
				2C3155D21FE4028B0021EE64 /* ThemeManager.swift in Sources */,
				2C5469891FE6E88A00EA0977 /* TaskListTableViewCell.swift in Sources */,
				2C5469741FE6253100EA0977 /* TaskListViewModel.swift in Sources */,
				2C7149F21FE31E500014D79F /* AppCoordinator.swift in Sources */,
				2C3155E11FE587640021EE64 /* ProjectStatus.swift in Sources */,
				2C3155B81FE3CFE30021EE64 /* MenuTableViewCell.swift in Sources */,
				2C3155A51FE3887A0021EE64 /* BaseTableViewController.swift in Sources */,
				2C033AC21FE33F4B003DF4ED /* MenuViewController.swift in Sources */,
				2C4CE0651FE1A26300F658D1 /* API.swift in Sources */,
				2C3155EF1FE5D9680021EE64 /* User.swift in Sources */,
				2C714A001FE337CC0014D79F /* Image.swift in Sources */,
				2C033AD61FE36734003DF4ED /* TestViewController.swift in Sources */,
				2C3155E61FE59F030021EE64 /* ProjectTableViewCell.swift in Sources */,
				2C4CE06E1FE1CAE200F658D1 /* TaskItem.swift in Sources */,
				2C630BD21FE73C8C00AFADA2 /* UrlManager.swift in Sources */,
				2C3155A01FE37F130021EE64 /* ColorViewController.swift in Sources */,
				2C630BD61FE75D3100AFADA2 /* Moya+Extensions.swift in Sources */,
				2C3155A31FE3882A0021EE64 /* ProjectsViewController.swift in Sources */,
				2C3155D51FE404CA0021EE64 /* Theme.swift in Sources */,
				2C6D81ED1FE5FFB4007EF91B /* TaskStatus.swift in Sources */,
				2C3155AC1FE38CCD0021EE64 /* Project.swift in Sources */,
				2C3155EC1FE5D8120021EE64 /* SplashViewModel.swift in Sources */,
				2C3155DC1FE4527B0021EE64 /* ColorCollectionViewCell.swift in Sources */,
				2C4CE0301FE1990000F658D1 /* AppDelegate.swift in Sources */,
				2C3155DE1FE579AA0021EE64 /* LoadingBtn.swift in Sources */,
				2C714A011FE337CC0014D79F /* Font.swift in Sources */,
				2C7149E31FE30D100014D79F /* TasksViewController.swift in Sources */,
				2C29F49A1FE2B7D600EAB23F /* NavigationController.swift in Sources */,
				2C630BD01FE73B9C00AFADA2 /* UrlObject.swift in Sources */,
				2C29F4971FE2B6C100EAB23F /* Coordinator.swift in Sources */,
				2C5469801FE6B52B00EA0977 /* UIWindow+Exenstions.swift in Sources */,
				2C3155B51FE3C37C0021EE64 /* ProjectsViewModel.swift in Sources */,
				2C3155AE1FE38CCD0021EE64 /* Company.swift in Sources */,
				2C3155D81FE40E130021EE64 /* ColorViewModel.swift in Sources */,
				2C5469841FE6CB7200EA0977 /* UIImageView+Kingfisher.swift in Sources */,
				2C5469721FE61DE400EA0977 /* ThemeObject.swift in Sources */,
				2C2F8C521FE5E7CB00F776D6 /* DBManager.swift in Sources */,
				2C5469871FE6DD3C00EA0977 /* DateManager.swift in Sources */,
				2C7149E51FE30D4D0014D79F /* TasksViewModel.swift in Sources */,
				2C5469791FE6B40700EA0977 /* SnackBarView.swift in Sources */,
				2C714A021FE337CC0014D79F /* Color.swift in Sources */,
				2C3155E81FE5D75A0021EE64 /* SplashViewController.swift in Sources */,
			);
			runOnlyForDeploymentPostprocessing = 0;
		};
		2C4CE03C1FE1990100F658D1 /* Sources */ = {
			isa = PBXSourcesBuildPhase;
			buildActionMask = 2147483647;
			files = (
				2C4CE0451FE1990100F658D1 /* TaskManagerTests.swift in Sources */,
			);
			runOnlyForDeploymentPostprocessing = 0;
		};
		2C4CE0471FE1990100F658D1 /* Sources */ = {
			isa = PBXSourcesBuildPhase;
			buildActionMask = 2147483647;
			files = (
				2C4CE0501FE1990100F658D1 /* TaskManagerUITests.swift in Sources */,
			);
			runOnlyForDeploymentPostprocessing = 0;
		};
/* End PBXSourcesBuildPhase section */

/* Begin PBXTargetDependency section */
		2C4CE0421FE1990100F658D1 /* PBXTargetDependency */ = {
			isa = PBXTargetDependency;
			target = 2C4CE02B1FE1990000F658D1 /* TaskManager */;
			targetProxy = 2C4CE0411FE1990100F658D1 /* PBXContainerItemProxy */;
		};
		2C4CE04D1FE1990100F658D1 /* PBXTargetDependency */ = {
			isa = PBXTargetDependency;
			target = 2C4CE02B1FE1990000F658D1 /* TaskManager */;
			targetProxy = 2C4CE04C1FE1990100F658D1 /* PBXContainerItemProxy */;
		};
/* End PBXTargetDependency section */

/* Begin PBXVariantGroup section */
		2C4CE0381FE1990100F658D1 /* LaunchScreen.storyboard */ = {
			isa = PBXVariantGroup;
			children = (
				2C4CE0391FE1990100F658D1 /* Base */,
			);
			name = LaunchScreen.storyboard;
			sourceTree = "<group>";
		};
/* End PBXVariantGroup section */

/* Begin XCBuildConfiguration section */
		2C4CE0521FE1990100F658D1 /* Debug */ = {
			isa = XCBuildConfiguration;
			buildSettings = {
				ALWAYS_SEARCH_USER_PATHS = NO;
				CLANG_ANALYZER_NONNULL = YES;
				CLANG_ANALYZER_NUMBER_OBJECT_CONVERSION = YES_AGGRESSIVE;
				CLANG_CXX_LANGUAGE_STANDARD = "gnu++14";
				CLANG_CXX_LIBRARY = "libc++";
				CLANG_ENABLE_MODULES = YES;
				CLANG_ENABLE_OBJC_ARC = YES;
				CLANG_WARN_BLOCK_CAPTURE_AUTORELEASING = YES;
				CLANG_WARN_BOOL_CONVERSION = YES;
				CLANG_WARN_COMMA = YES;
				CLANG_WARN_CONSTANT_CONVERSION = YES;
				CLANG_WARN_DIRECT_OBJC_ISA_USAGE = YES_ERROR;
				CLANG_WARN_DOCUMENTATION_COMMENTS = YES;
				CLANG_WARN_EMPTY_BODY = YES;
				CLANG_WARN_ENUM_CONVERSION = YES;
				CLANG_WARN_INFINITE_RECURSION = YES;
				CLANG_WARN_INT_CONVERSION = YES;
				CLANG_WARN_NON_LITERAL_NULL_CONVERSION = YES;
				CLANG_WARN_OBJC_LITERAL_CONVERSION = YES;
				CLANG_WARN_OBJC_ROOT_CLASS = YES_ERROR;
				CLANG_WARN_RANGE_LOOP_ANALYSIS = YES;
				CLANG_WARN_STRICT_PROTOTYPES = YES;
				CLANG_WARN_SUSPICIOUS_MOVE = YES;
				CLANG_WARN_UNGUARDED_AVAILABILITY = YES_AGGRESSIVE;
				CLANG_WARN_UNREACHABLE_CODE = YES;
				CLANG_WARN__DUPLICATE_METHOD_MATCH = YES;
				CODE_SIGN_IDENTITY = "iPhone Developer";
				COPY_PHASE_STRIP = NO;
				DEBUG_INFORMATION_FORMAT = dwarf;
				ENABLE_STRICT_OBJC_MSGSEND = YES;
				ENABLE_TESTABILITY = YES;
				GCC_C_LANGUAGE_STANDARD = gnu11;
				GCC_DYNAMIC_NO_PIC = NO;
				GCC_NO_COMMON_BLOCKS = YES;
				GCC_OPTIMIZATION_LEVEL = 0;
				GCC_PREPROCESSOR_DEFINITIONS = (
					"DEBUG=1",
					"$(inherited)",
				);
				GCC_WARN_64_TO_32_BIT_CONVERSION = YES;
				GCC_WARN_ABOUT_RETURN_TYPE = YES_ERROR;
				GCC_WARN_UNDECLARED_SELECTOR = YES;
				GCC_WARN_UNINITIALIZED_AUTOS = YES_AGGRESSIVE;
				GCC_WARN_UNUSED_FUNCTION = YES;
				GCC_WARN_UNUSED_VARIABLE = YES;
				IPHONEOS_DEPLOYMENT_TARGET = 11.2;
				MTL_ENABLE_DEBUG_INFO = YES;
				ONLY_ACTIVE_ARCH = YES;
				SDKROOT = iphoneos;
				SWIFT_ACTIVE_COMPILATION_CONDITIONS = DEBUG;
				SWIFT_OPTIMIZATION_LEVEL = "-Onone";
			};
			name = Debug;
		};
		2C4CE0531FE1990100F658D1 /* Release */ = {
			isa = XCBuildConfiguration;
			buildSettings = {
				ALWAYS_SEARCH_USER_PATHS = NO;
				CLANG_ANALYZER_NONNULL = YES;
				CLANG_ANALYZER_NUMBER_OBJECT_CONVERSION = YES_AGGRESSIVE;
				CLANG_CXX_LANGUAGE_STANDARD = "gnu++14";
				CLANG_CXX_LIBRARY = "libc++";
				CLANG_ENABLE_MODULES = YES;
				CLANG_ENABLE_OBJC_ARC = YES;
				CLANG_WARN_BLOCK_CAPTURE_AUTORELEASING = YES;
				CLANG_WARN_BOOL_CONVERSION = YES;
				CLANG_WARN_COMMA = YES;
				CLANG_WARN_CONSTANT_CONVERSION = YES;
				CLANG_WARN_DIRECT_OBJC_ISA_USAGE = YES_ERROR;
				CLANG_WARN_DOCUMENTATION_COMMENTS = YES;
				CLANG_WARN_EMPTY_BODY = YES;
				CLANG_WARN_ENUM_CONVERSION = YES;
				CLANG_WARN_INFINITE_RECURSION = YES;
				CLANG_WARN_INT_CONVERSION = YES;
				CLANG_WARN_NON_LITERAL_NULL_CONVERSION = YES;
				CLANG_WARN_OBJC_LITERAL_CONVERSION = YES;
				CLANG_WARN_OBJC_ROOT_CLASS = YES_ERROR;
				CLANG_WARN_RANGE_LOOP_ANALYSIS = YES;
				CLANG_WARN_STRICT_PROTOTYPES = YES;
				CLANG_WARN_SUSPICIOUS_MOVE = YES;
				CLANG_WARN_UNGUARDED_AVAILABILITY = YES_AGGRESSIVE;
				CLANG_WARN_UNREACHABLE_CODE = YES;
				CLANG_WARN__DUPLICATE_METHOD_MATCH = YES;
				CODE_SIGN_IDENTITY = "iPhone Developer";
				COPY_PHASE_STRIP = NO;
				DEBUG_INFORMATION_FORMAT = "dwarf-with-dsym";
				ENABLE_NS_ASSERTIONS = NO;
				ENABLE_STRICT_OBJC_MSGSEND = YES;
				GCC_C_LANGUAGE_STANDARD = gnu11;
				GCC_NO_COMMON_BLOCKS = YES;
				GCC_WARN_64_TO_32_BIT_CONVERSION = YES;
				GCC_WARN_ABOUT_RETURN_TYPE = YES_ERROR;
				GCC_WARN_UNDECLARED_SELECTOR = YES;
				GCC_WARN_UNINITIALIZED_AUTOS = YES_AGGRESSIVE;
				GCC_WARN_UNUSED_FUNCTION = YES;
				GCC_WARN_UNUSED_VARIABLE = YES;
				IPHONEOS_DEPLOYMENT_TARGET = 11.2;
				MTL_ENABLE_DEBUG_INFO = NO;
				SDKROOT = iphoneos;
				SWIFT_OPTIMIZATION_LEVEL = "-Owholemodule";
				VALIDATE_PRODUCT = YES;
			};
			name = Release;
		};
		2C4CE0551FE1990100F658D1 /* Debug */ = {
			isa = XCBuildConfiguration;
			baseConfigurationReference = A875E162308DEDB1CA8401B1 /* Pods-TaskManager.debug.xcconfig */;
			buildSettings = {
				ASSETCATALOG_COMPILER_APPICON_NAME = AppIcon;
				CLANG_ENABLE_MODULES = YES;
				CODE_SIGN_STYLE = Automatic;
				DEVELOPMENT_TEAM = 8C7UB6232B;
				INFOPLIST_FILE = TaskManager/Info.plist;
				IPHONEOS_DEPLOYMENT_TARGET = 11.0;
				LD_RUNPATH_SEARCH_PATHS = "$(inherited) @executable_path/Frameworks";
				PRODUCT_BUNDLE_IDENTIFIER = aatanac.com.TaskManager;
				PRODUCT_NAME = "$(TARGET_NAME)";
				SWIFT_OBJC_BRIDGING_HEADER = "TaskManager/Resources/TaskManager-Bridging-Header.h";
				SWIFT_OPTIMIZATION_LEVEL = "-Onone";
				SWIFT_VERSION = 4.0;
				TARGETED_DEVICE_FAMILY = 1;
			};
			name = Debug;
		};
		2C4CE0561FE1990100F658D1 /* Release */ = {
			isa = XCBuildConfiguration;
			baseConfigurationReference = 1DF52B0F9C925FC4A3FC57EC /* Pods-TaskManager.release.xcconfig */;
			buildSettings = {
				ASSETCATALOG_COMPILER_APPICON_NAME = AppIcon;
				CLANG_ENABLE_MODULES = YES;
				CODE_SIGN_STYLE = Automatic;
				DEVELOPMENT_TEAM = 8C7UB6232B;
				INFOPLIST_FILE = TaskManager/Info.plist;
				IPHONEOS_DEPLOYMENT_TARGET = 11.0;
				LD_RUNPATH_SEARCH_PATHS = "$(inherited) @executable_path/Frameworks";
				PRODUCT_BUNDLE_IDENTIFIER = aatanac.com.TaskManager;
				PRODUCT_NAME = "$(TARGET_NAME)";
				SWIFT_OBJC_BRIDGING_HEADER = "TaskManager/Resources/TaskManager-Bridging-Header.h";
				SWIFT_VERSION = 4.0;
				TARGETED_DEVICE_FAMILY = 1;
			};
			name = Release;
		};
		2C4CE0581FE1990100F658D1 /* Debug */ = {
			isa = XCBuildConfiguration;
			buildSettings = {
				ALWAYS_EMBED_SWIFT_STANDARD_LIBRARIES = YES;
				BUNDLE_LOADER = "$(TEST_HOST)";
				CODE_SIGN_STYLE = Automatic;
				DEVELOPMENT_TEAM = 5P73PWSFX8;
				INFOPLIST_FILE = TaskManagerTests/Info.plist;
				LD_RUNPATH_SEARCH_PATHS = "$(inherited) @executable_path/Frameworks @loader_path/Frameworks";
				PRODUCT_BUNDLE_IDENTIFIER = aatanac.com.TaskManagerTests;
				PRODUCT_NAME = "$(TARGET_NAME)";
				SWIFT_VERSION = 4.0;
				TARGETED_DEVICE_FAMILY = "1,2";
				TEST_HOST = "$(BUILT_PRODUCTS_DIR)/TaskManager.app/TaskManager";
			};
			name = Debug;
		};
		2C4CE0591FE1990100F658D1 /* Release */ = {
			isa = XCBuildConfiguration;
			buildSettings = {
				ALWAYS_EMBED_SWIFT_STANDARD_LIBRARIES = YES;
				BUNDLE_LOADER = "$(TEST_HOST)";
				CODE_SIGN_STYLE = Automatic;
				DEVELOPMENT_TEAM = 5P73PWSFX8;
				INFOPLIST_FILE = TaskManagerTests/Info.plist;
				LD_RUNPATH_SEARCH_PATHS = "$(inherited) @executable_path/Frameworks @loader_path/Frameworks";
				PRODUCT_BUNDLE_IDENTIFIER = aatanac.com.TaskManagerTests;
				PRODUCT_NAME = "$(TARGET_NAME)";
				SWIFT_VERSION = 4.0;
				TARGETED_DEVICE_FAMILY = "1,2";
				TEST_HOST = "$(BUILT_PRODUCTS_DIR)/TaskManager.app/TaskManager";
			};
			name = Release;
		};
		2C4CE05B1FE1990100F658D1 /* Debug */ = {
			isa = XCBuildConfiguration;
			buildSettings = {
				ALWAYS_EMBED_SWIFT_STANDARD_LIBRARIES = YES;
				CODE_SIGN_STYLE = Automatic;
				DEVELOPMENT_TEAM = 5P73PWSFX8;
				INFOPLIST_FILE = TaskManagerUITests/Info.plist;
				LD_RUNPATH_SEARCH_PATHS = "$(inherited) @executable_path/Frameworks @loader_path/Frameworks";
				PRODUCT_BUNDLE_IDENTIFIER = aatanac.com.TaskManagerUITests;
				PRODUCT_NAME = "$(TARGET_NAME)";
				SWIFT_VERSION = 4.0;
				TARGETED_DEVICE_FAMILY = "1,2";
				TEST_TARGET_NAME = TaskManager;
			};
			name = Debug;
		};
		2C4CE05C1FE1990100F658D1 /* Release */ = {
			isa = XCBuildConfiguration;
			buildSettings = {
				ALWAYS_EMBED_SWIFT_STANDARD_LIBRARIES = YES;
				CODE_SIGN_STYLE = Automatic;
				DEVELOPMENT_TEAM = 5P73PWSFX8;
				INFOPLIST_FILE = TaskManagerUITests/Info.plist;
				LD_RUNPATH_SEARCH_PATHS = "$(inherited) @executable_path/Frameworks @loader_path/Frameworks";
				PRODUCT_BUNDLE_IDENTIFIER = aatanac.com.TaskManagerUITests;
				PRODUCT_NAME = "$(TARGET_NAME)";
				SWIFT_VERSION = 4.0;
				TARGETED_DEVICE_FAMILY = "1,2";
				TEST_TARGET_NAME = TaskManager;
			};
			name = Release;
		};
/* End XCBuildConfiguration section */

/* Begin XCConfigurationList section */
		2C4CE0271FE1990000F658D1 /* Build configuration list for PBXProject "TaskManager" */ = {
			isa = XCConfigurationList;
			buildConfigurations = (
				2C4CE0521FE1990100F658D1 /* Debug */,
				2C4CE0531FE1990100F658D1 /* Release */,
			);
			defaultConfigurationIsVisible = 0;
			defaultConfigurationName = Release;
		};
		2C4CE0541FE1990100F658D1 /* Build configuration list for PBXNativeTarget "TaskManager" */ = {
			isa = XCConfigurationList;
			buildConfigurations = (
				2C4CE0551FE1990100F658D1 /* Debug */,
				2C4CE0561FE1990100F658D1 /* Release */,
			);
			defaultConfigurationIsVisible = 0;
			defaultConfigurationName = Release;
		};
		2C4CE0571FE1990100F658D1 /* Build configuration list for PBXNativeTarget "TaskManagerTests" */ = {
			isa = XCConfigurationList;
			buildConfigurations = (
				2C4CE0581FE1990100F658D1 /* Debug */,
				2C4CE0591FE1990100F658D1 /* Release */,
			);
			defaultConfigurationIsVisible = 0;
			defaultConfigurationName = Release;
		};
		2C4CE05A1FE1990100F658D1 /* Build configuration list for PBXNativeTarget "TaskManagerUITests" */ = {
			isa = XCConfigurationList;
			buildConfigurations = (
				2C4CE05B1FE1990100F658D1 /* Debug */,
				2C4CE05C1FE1990100F658D1 /* Release */,
			);
			defaultConfigurationIsVisible = 0;
			defaultConfigurationName = Release;
		};
/* End XCConfigurationList section */
	};
	rootObject = 2C4CE0241FE1990000F658D1 /* Project object */;
}
